{"is_source_file": false, "format": "", "description": "", "external_files": [], "external_methods": [], "published": [], "classes": [], "methods": [], "calls": [], "search-terms": [], "state": 2, "file_id": 10, "knowledge_revision": 24, "git_revision": "772bf8b6c119c3a153bb4d1e9c5b2df22e6731fa", "hash": "9c4ed7ef73e22b872b8055bec08b8979", "format-version": 4, "code-base-name": "react_frontend", "filename": "react_frontend/post_process_status.lock", "revision_history": [{"24": "772bf8b6c119c3a153bb4d1e9c5b2df22e6731fa"}]}